// !$*UTF8*$!
{
	archiveVersion = 1;
	classes = {
	};
	objectVersion = 51;
	objects = {

/* Begin PBXBuildFile section */
		106A8703250016F33D1D68E2 /* Pods_E_Commerce_WBI.framework in Frameworks */ = {isa = PBXBuildFile; fileRef = 52B6B0F39B922051DC690D23 /* Pods_E_Commerce_WBI.framework */; };
		16E85D02555B1F1A024F2CB3 /* Pods_E_Commerce_WBITests.framework in Frameworks */ = {isa = PBXBuildFile; fileRef = 0EF04543D8E1BA4366960F37 /* Pods_E_Commerce_WBITests.framework */; };
		8622F4E12379CFB700E067D8 /* AppDelegate.swift in Sources */ = {isa = PBXBuildFile; fileRef = 8622F4E02379CFB700E067D8 /* AppDelegate.swift */; };
		8622F4E62379CFB700E067D8 /* Auth.storyboard in Resources */ = {isa = PBXBuildFile; fileRef = 8622F4E42379CFB700E067D8 /* Auth.storyboard */; };
		8622F4E82379CFBC00E067D8 /* Assets.xcassets in Resources */ = {isa = PBXBuildFile; fileRef = 8622F4E72379CFBC00E067D8 /* Assets.xcassets */; };
		8622F4EB2379CFBC00E067D8 /* LaunchScreen.storyboard in Resources */ = {isa = PBXBuildFile; fileRef = 8622F4E92379CFBC00E067D8 /* LaunchScreen.storyboard */; };
		8622F4F62379CFBC00E067D8 /* E_Commerce_WBITests.swift in Sources */ = {isa = PBXBuildFile; fileRef = 8622F4F52379CFBC00E067D8 /* E_Commerce_WBITests.swift */; };
		8622F5092379D59F00E067D8 /* LoginViewController.swift in Sources */ = {isa = PBXBuildFile; fileRef = 8622F5082379D59F00E067D8 /* LoginViewController.swift */; };
		8622F50E237CAF2B00E067D8 /* ProductCollectionViewCell.swift in Sources */ = {isa = PBXBuildFile; fileRef = 8622F50D237CAF2B00E067D8 /* ProductCollectionViewCell.swift */; };
		8622F510237CAF7600E067D8 /* ProductTableViewController.swift in Sources */ = {isa = PBXBuildFile; fileRef = 8622F50F237CAF7600E067D8 /* ProductTableViewController.swift */; };
		8622F516237CB1EB00E067D8 /* ProductViewModel.swift in Sources */ = {isa = PBXBuildFile; fileRef = 8622F515237CB1EB00E067D8 /* ProductViewModel.swift */; };
		8622F519237CB26C00E067D8 /* ProductModel.swift in Sources */ = {isa = PBXBuildFile; fileRef = 8622F518237CB26C00E067D8 /* ProductModel.swift */; };
		8622F51B237CB54900E067D8 /* Helper.swift in Sources */ = {isa = PBXBuildFile; fileRef = 8622F51A237CB54900E067D8 /* Helper.swift */; };
		8622F51E237CB5A500E067D8 /* uicolor+extension.swift in Sources */ = {isa = PBXBuildFile; fileRef = 8622F51D237CB5A500E067D8 /* uicolor+extension.swift */; };
		8622F521237DE7ED00E067D8 /* Product.storyboard in Resources */ = {isa = PBXBuildFile; fileRef = 8622F520237DE7ED00E067D8 /* Product.storyboard */; };
		8622F523238064F000E067D8 /* Const.swift in Sources */ = {isa = PBXBuildFile; fileRef = 8622F522238064F000E067D8 /* Const.swift */; };
		8622F5252383F51200E067D8 /* ProductDetailViewController.swift in Sources */ = {isa = PBXBuildFile; fileRef = 8622F5242383F51200E067D8 /* ProductDetailViewController.swift */; };
		8622F52823841FB400E067D8 /* EcoButton.swift in Sources */ = {isa = PBXBuildFile; fileRef = 8622F52723841FB300E067D8 /* EcoButton.swift */; };
		8622F52A2384346A00E067D8 /* float+extension.swift in Sources */ = {isa = PBXBuildFile; fileRef = 8622F5292384346A00E067D8 /* float+extension.swift */; };
		8622F52C2384382C00E067D8 /* uidevice+extension.swift in Sources */ = {isa = PBXBuildFile; fileRef = 8622F52B2384382C00E067D8 /* uidevice+extension.swift */; };
		8622F52E23844E0F00E067D8 /* navigationcontroller+extension.swift in Sources */ = {isa = PBXBuildFile; fileRef = 8622F52D23844E0F00E067D8 /* navigationcontroller+extension.swift */; };
		8622F5302385E95300E067D8 /* array+extension.swift in Sources */ = {isa = PBXBuildFile; fileRef = 8622F52F2385E95300E067D8 /* array+extension.swift */; };
		8622F536238609F900E067D8 /* Cart.storyboard in Resources */ = {isa = PBXBuildFile; fileRef = 8622F535238609F900E067D8 /* Cart.storyboard */; };
		8622F53823860A9300E067D8 /* StockModel.swift in Sources */ = {isa = PBXBuildFile; fileRef = 8622F53723860A9300E067D8 /* StockModel.swift */; };
		8622F53A23860ABE00E067D8 /* CategoryModel.swift in Sources */ = {isa = PBXBuildFile; fileRef = 8622F53923860ABE00E067D8 /* CategoryModel.swift */; };
		8622F53C23860EC200E067D8 /* CounterIntView.swift in Sources */ = {isa = PBXBuildFile; fileRef = 8622F53B23860EC200E067D8 /* CounterIntView.swift */; };
		8622F53F2386126B00E067D8 /* CartItemTableViewCell.swift in Sources */ = {isa = PBXBuildFile; fileRef = 8622F53E2386126B00E067D8 /* CartItemTableViewCell.swift */; };
		8622F542238617D900E067D8 /* CartListViewController.swift in Sources */ = {isa = PBXBuildFile; fileRef = 8622F541238617D900E067D8 /* CartListViewController.swift */; };
/* End PBXBuildFile section */

/* Begin PBXContainerItemProxy section */
		8622F4F22379CFBC00E067D8 /* PBXContainerItemProxy */ = {
			isa = PBXContainerItemProxy;
			containerPortal = 8622F4D52379CFB600E067D8 /* Project object */;
			proxyType = 1;
			remoteGlobalIDString = 8622F4DC2379CFB700E067D8;
			remoteInfo = "E-Commerce WBI";
		};
/* End PBXContainerItemProxy section */

/* Begin PBXFileReference section */
		0EF04543D8E1BA4366960F37 /* Pods_E_Commerce_WBITests.framework */ = {isa = PBXFileReference; explicitFileType = wrapper.framework; includeInIndex = 0; path = Pods_E_Commerce_WBITests.framework; sourceTree = BUILT_PRODUCTS_DIR; };
		3D1E0930B067616662ED9933 /* Pods-E-Commerce WBI.release.xcconfig */ = {isa = PBXFileReference; includeInIndex = 1; lastKnownFileType = text.xcconfig; name = "Pods-E-Commerce WBI.release.xcconfig"; path = "Target Support Files/Pods-E-Commerce WBI/Pods-E-Commerce WBI.release.xcconfig"; sourceTree = "<group>"; };
		52B6B0F39B922051DC690D23 /* Pods_E_Commerce_WBI.framework */ = {isa = PBXFileReference; explicitFileType = wrapper.framework; includeInIndex = 0; path = Pods_E_Commerce_WBI.framework; sourceTree = BUILT_PRODUCTS_DIR; };
		6A10F5B139926B2D1E76DD2B /* Pods-E-Commerce WBITests.release.xcconfig */ = {isa = PBXFileReference; includeInIndex = 1; lastKnownFileType = text.xcconfig; name = "Pods-E-Commerce WBITests.release.xcconfig"; path = "Target Support Files/Pods-E-Commerce WBITests/Pods-E-Commerce WBITests.release.xcconfig"; sourceTree = "<group>"; };
		7DA5CC300167317255341358 /* Pods-E-Commerce WBITests.debug.xcconfig */ = {isa = PBXFileReference; includeInIndex = 1; lastKnownFileType = text.xcconfig; name = "Pods-E-Commerce WBITests.debug.xcconfig"; path = "Target Support Files/Pods-E-Commerce WBITests/Pods-E-Commerce WBITests.debug.xcconfig"; sourceTree = "<group>"; };
		8622F4DD2379CFB700E067D8 /* E-Commerce WBI.app */ = {isa = PBXFileReference; explicitFileType = wrapper.application; includeInIndex = 0; path = "E-Commerce WBI.app"; sourceTree = BUILT_PRODUCTS_DIR; };
		8622F4E02379CFB700E067D8 /* AppDelegate.swift */ = {isa = PBXFileReference; lastKnownFileType = sourcecode.swift; path = AppDelegate.swift; sourceTree = "<group>"; };
		8622F4E52379CFB700E067D8 /* Base */ = {isa = PBXFileReference; lastKnownFileType = file.storyboard; name = Base; path = Base.lproj/Auth.storyboard; sourceTree = "<group>"; };
		8622F4E72379CFBC00E067D8 /* Assets.xcassets */ = {isa = PBXFileReference; lastKnownFileType = folder.assetcatalog; path = Assets.xcassets; sourceTree = "<group>"; };
		8622F4EA2379CFBC00E067D8 /* Base */ = {isa = PBXFileReference; lastKnownFileType = file.storyboard; name = Base; path = Base.lproj/LaunchScreen.storyboard; sourceTree = "<group>"; };
		8622F4EC2379CFBC00E067D8 /* Info.plist */ = {isa = PBXFileReference; lastKnownFileType = text.plist.xml; path = Info.plist; sourceTree = "<group>"; };
		8622F4F12379CFBC00E067D8 /* E-Commerce WBITests.xctest */ = {isa = PBXFileReference; explicitFileType = wrapper.cfbundle; includeInIndex = 0; path = "E-Commerce WBITests.xctest"; sourceTree = BUILT_PRODUCTS_DIR; };
		8622F4F52379CFBC00E067D8 /* E_Commerce_WBITests.swift */ = {isa = PBXFileReference; lastKnownFileType = sourcecode.swift; path = E_Commerce_WBITests.swift; sourceTree = "<group>"; };
		8622F4F72379CFBC00E067D8 /* Info.plist */ = {isa = PBXFileReference; lastKnownFileType = text.plist.xml; path = Info.plist; sourceTree = "<group>"; };
		8622F5082379D59F00E067D8 /* LoginViewController.swift */ = {isa = PBXFileReference; lastKnownFileType = sourcecode.swift; path = LoginViewController.swift; sourceTree = "<group>"; };
		8622F50D237CAF2B00E067D8 /* ProductCollectionViewCell.swift */ = {isa = PBXFileReference; lastKnownFileType = sourcecode.swift; path = ProductCollectionViewCell.swift; sourceTree = "<group>"; };
		8622F50F237CAF7600E067D8 /* ProductTableViewController.swift */ = {isa = PBXFileReference; lastKnownFileType = sourcecode.swift; path = ProductTableViewController.swift; sourceTree = "<group>"; };
		8622F515237CB1EB00E067D8 /* ProductViewModel.swift */ = {isa = PBXFileReference; lastKnownFileType = sourcecode.swift; path = ProductViewModel.swift; sourceTree = "<group>"; };
		8622F518237CB26C00E067D8 /* ProductModel.swift */ = {isa = PBXFileReference; lastKnownFileType = sourcecode.swift; path = ProductModel.swift; sourceTree = "<group>"; };
		8622F51A237CB54900E067D8 /* Helper.swift */ = {isa = PBXFileReference; lastKnownFileType = sourcecode.swift; path = Helper.swift; sourceTree = "<group>"; };
		8622F51D237CB5A500E067D8 /* uicolor+extension.swift */ = {isa = PBXFileReference; lastKnownFileType = sourcecode.swift; path = "uicolor+extension.swift"; sourceTree = "<group>"; };
		8622F520237DE7ED00E067D8 /* Product.storyboard */ = {isa = PBXFileReference; lastKnownFileType = file.storyboard; path = Product.storyboard; sourceTree = "<group>"; };
		8622F522238064F000E067D8 /* Const.swift */ = {isa = PBXFileReference; lastKnownFileType = sourcecode.swift; path = Const.swift; sourceTree = "<group>"; };
		8622F5242383F51200E067D8 /* ProductDetailViewController.swift */ = {isa = PBXFileReference; lastKnownFileType = sourcecode.swift; path = ProductDetailViewController.swift; sourceTree = "<group>"; };
		8622F52723841FB300E067D8 /* EcoButton.swift */ = {isa = PBXFileReference; lastKnownFileType = sourcecode.swift; path = EcoButton.swift; sourceTree = "<group>"; };
		8622F5292384346A00E067D8 /* float+extension.swift */ = {isa = PBXFileReference; lastKnownFileType = sourcecode.swift; path = "float+extension.swift"; sourceTree = "<group>"; };
		8622F52B2384382C00E067D8 /* uidevice+extension.swift */ = {isa = PBXFileReference; lastKnownFileType = sourcecode.swift; path = "uidevice+extension.swift"; sourceTree = "<group>"; };
		8622F52D23844E0F00E067D8 /* navigationcontroller+extension.swift */ = {isa = PBXFileReference; lastKnownFileType = sourcecode.swift; path = "navigationcontroller+extension.swift"; sourceTree = "<group>"; };
		8622F52F2385E95300E067D8 /* array+extension.swift */ = {isa = PBXFileReference; lastKnownFileType = sourcecode.swift; path = "array+extension.swift"; sourceTree = "<group>"; };
		8622F535238609F900E067D8 /* Cart.storyboard */ = {isa = PBXFileReference; lastKnownFileType = file.storyboard; path = Cart.storyboard; sourceTree = "<group>"; };
		8622F53723860A9300E067D8 /* StockModel.swift */ = {isa = PBXFileReference; lastKnownFileType = sourcecode.swift; path = StockModel.swift; sourceTree = "<group>"; };
		8622F53923860ABE00E067D8 /* CategoryModel.swift */ = {isa = PBXFileReference; lastKnownFileType = sourcecode.swift; path = CategoryModel.swift; sourceTree = "<group>"; };
		8622F53B23860EC200E067D8 /* CounterIntView.swift */ = {isa = PBXFileReference; lastKnownFileType = sourcecode.swift; path = CounterIntView.swift; sourceTree = "<group>"; };
		8622F53E2386126B00E067D8 /* CartItemTableViewCell.swift */ = {isa = PBXFileReference; lastKnownFileType = sourcecode.swift; path = CartItemTableViewCell.swift; sourceTree = "<group>"; };
		8622F541238617D900E067D8 /* CartListViewController.swift */ = {isa = PBXFileReference; lastKnownFileType = sourcecode.swift; path = CartListViewController.swift; sourceTree = "<group>"; };
		A4D5B643B250EEC94848EF24 /* Pods-E-Commerce WBI.debug.xcconfig */ = {isa = PBXFileReference; includeInIndex = 1; lastKnownFileType = text.xcconfig; name = "Pods-E-Commerce WBI.debug.xcconfig"; path = "Target Support Files/Pods-E-Commerce WBI/Pods-E-Commerce WBI.debug.xcconfig"; sourceTree = "<group>"; };
/* End PBXFileReference section */

/* Begin PBXFrameworksBuildPhase section */
		8622F4DA2379CFB700E067D8 /* Frameworks */ = {
			isa = PBXFrameworksBuildPhase;
			buildActionMask = 2147483647;
			files = (
				106A8703250016F33D1D68E2 /* Pods_E_Commerce_WBI.framework in Frameworks */,
			);
			runOnlyForDeploymentPostprocessing = 0;
		};
		8622F4EE2379CFBC00E067D8 /* Frameworks */ = {
			isa = PBXFrameworksBuildPhase;
			buildActionMask = 2147483647;
			files = (
				16E85D02555B1F1A024F2CB3 /* Pods_E_Commerce_WBITests.framework in Frameworks */,
			);
			runOnlyForDeploymentPostprocessing = 0;
		};
/* End PBXFrameworksBuildPhase section */

/* Begin PBXGroup section */
		79BDC0912E7AF8D6BED0607C /* Pods */ = {
			isa = PBXGroup;
			children = (
				A4D5B643B250EEC94848EF24 /* Pods-E-Commerce WBI.debug.xcconfig */,
				3D1E0930B067616662ED9933 /* Pods-E-Commerce WBI.release.xcconfig */,
				7DA5CC300167317255341358 /* Pods-E-Commerce WBITests.debug.xcconfig */,
				6A10F5B139926B2D1E76DD2B /* Pods-E-Commerce WBITests.release.xcconfig */,
			);
			path = Pods;
			sourceTree = "<group>";
		};
		85871E06C87FA85B4F2FAF08 /* Frameworks */ = {
			isa = PBXGroup;
			children = (
				52B6B0F39B922051DC690D23 /* Pods_E_Commerce_WBI.framework */,
				0EF04543D8E1BA4366960F37 /* Pods_E_Commerce_WBITests.framework */,
			);
			name = Frameworks;
			sourceTree = "<group>";
		};
		8622F4D42379CFB600E067D8 = {
			isa = PBXGroup;
			children = (
				8622F4DF2379CFB700E067D8 /* E-Commerce WBI */,
				8622F4F42379CFBC00E067D8 /* E-Commerce WBITests */,
				8622F4DE2379CFB700E067D8 /* Products */,
				79BDC0912E7AF8D6BED0607C /* Pods */,
				85871E06C87FA85B4F2FAF08 /* Frameworks */,
			);
			sourceTree = "<group>";
		};
		8622F4DE2379CFB700E067D8 /* Products */ = {
			isa = PBXGroup;
			children = (
				8622F4DD2379CFB700E067D8 /* E-Commerce WBI.app */,
				8622F4F12379CFBC00E067D8 /* E-Commerce WBITests.xctest */,
			);
			name = Products;
			sourceTree = "<group>";
		};
		8622F4DF2379CFB700E067D8 /* E-Commerce WBI */ = {
			isa = PBXGroup;
			children = (
				8622F5002379D11100E067D8 /* App */,
				8622F5022379D11E00E067D8 /* Service */,
				8622F5032379D15200E067D8 /* Util */,
				8622F5012379D11900E067D8 /* Resource */,
				8622F5042379D28700E067D8 /* Supporting Files */,
				8622F4E92379CFBC00E067D8 /* LaunchScreen.storyboard */,
			);
			path = "E-Commerce WBI";
			sourceTree = "<group>";
		};
		8622F4F42379CFBC00E067D8 /* E-Commerce WBITests */ = {
			isa = PBXGroup;
			children = (
				8622F4F52379CFBC00E067D8 /* E_Commerce_WBITests.swift */,
				8622F4F72379CFBC00E067D8 /* Info.plist */,
			);
			path = "E-Commerce WBITests";
			sourceTree = "<group>";
		};
		8622F5002379D11100E067D8 /* App */ = {
			isa = PBXGroup;
			children = (
				8622F531238608DD00E067D8 /* Cart */,
				8622F50A237CAEA900E067D8 /* Product */,
				8622F5052379D4F300E067D8 /* Auth */,
			);
			path = App;
			sourceTree = "<group>";
		};
		8622F5012379D11900E067D8 /* Resource */ = {
			isa = PBXGroup;
			children = (
				8622F4E72379CFBC00E067D8 /* Assets.xcassets */,
			);
			path = Resource;
			sourceTree = "<group>";
		};
		8622F5022379D11E00E067D8 /* Service */ = {
			isa = PBXGroup;
			children = (
				8622F513237CB1A400E067D8 /* Model */,
			);
			path = Service;
			sourceTree = "<group>";
		};
		8622F5032379D15200E067D8 /* Util */ = {
			isa = PBXGroup;
			children = (
				8622F52623841F8D00E067D8 /* Components */,
				8622F51C237CB57A00E067D8 /* Extensions */,
				8622F51A237CB54900E067D8 /* Helper.swift */,
				8622F522238064F000E067D8 /* Const.swift */,
			);
			path = Util;
			sourceTree = "<group>";
		};
		8622F5042379D28700E067D8 /* Supporting Files */ = {
			isa = PBXGroup;
			children = (
				8622F4E02379CFB700E067D8 /* AppDelegate.swift */,
				8622F4EC2379CFBC00E067D8 /* Info.plist */,
			);
			path = "Supporting Files";
			sourceTree = "<group>";
		};
		8622F5052379D4F300E067D8 /* Auth */ = {
			isa = PBXGroup;
			children = (
				8622F5072379D53600E067D8 /* ViewController */,
				8622F5062379D4FB00E067D8 /* Storyboard */,
			);
			path = Auth;
			sourceTree = "<group>";
		};
		8622F5062379D4FB00E067D8 /* Storyboard */ = {
			isa = PBXGroup;
			children = (
				8622F4E42379CFB700E067D8 /* Auth.storyboard */,
			);
			path = Storyboard;
			sourceTree = "<group>";
		};
		8622F5072379D53600E067D8 /* ViewController */ = {
			isa = PBXGroup;
			children = (
				8622F5082379D59F00E067D8 /* LoginViewController.swift */,
			);
			path = ViewController;
			sourceTree = "<group>";
		};
		8622F50A237CAEA900E067D8 /* Product */ = {
			isa = PBXGroup;
			children = (
				8622F51F237DE55800E067D8 /* Storyboard */,
				8622F514237CB1C000E067D8 /* ViewModel */,
				8622F50C237CAEEE00E067D8 /* ViewController */,
				8622F50B237CAEE500E067D8 /* View */,
			);
			path = Product;
			sourceTree = "<group>";
		};
		8622F50B237CAEE500E067D8 /* View */ = {
			isa = PBXGroup;
			children = (
				8622F512237CAFEA00E067D8 /* Product */,
				8622F511237CAFDC00E067D8 /* Categories */,
			);
			path = View;
			sourceTree = "<group>";
		};
		8622F50C237CAEEE00E067D8 /* ViewController */ = {
			isa = PBXGroup;
			children = (
				8622F50F237CAF7600E067D8 /* ProductTableViewController.swift */,
				8622F5242383F51200E067D8 /* ProductDetailViewController.swift */,
			);
			path = ViewController;
			sourceTree = "<group>";
		};
		8622F511237CAFDC00E067D8 /* Categories */ = {
			isa = PBXGroup;
			children = (
			);
			path = Categories;
			sourceTree = "<group>";
		};
		8622F512237CAFEA00E067D8 /* Product */ = {
			isa = PBXGroup;
			children = (
				8622F50D237CAF2B00E067D8 /* ProductCollectionViewCell.swift */,
			);
			path = Product;
			sourceTree = "<group>";
		};
		8622F513237CB1A400E067D8 /* Model */ = {
			isa = PBXGroup;
			children = (
				8622F518237CB26C00E067D8 /* ProductModel.swift */,
				8622F53723860A9300E067D8 /* StockModel.swift */,
				8622F53923860ABE00E067D8 /* CategoryModel.swift */,
			);
			path = Model;
			sourceTree = "<group>";
		};
		8622F514237CB1C000E067D8 /* ViewModel */ = {
			isa = PBXGroup;
			children = (
				8622F515237CB1EB00E067D8 /* ProductViewModel.swift */,
			);
			path = ViewModel;
			sourceTree = "<group>";
		};
		8622F51C237CB57A00E067D8 /* Extensions */ = {
			isa = PBXGroup;
			children = (
				8622F51D237CB5A500E067D8 /* uicolor+extension.swift */,
				8622F5292384346A00E067D8 /* float+extension.swift */,
				8622F52B2384382C00E067D8 /* uidevice+extension.swift */,
				8622F52D23844E0F00E067D8 /* navigationcontroller+extension.swift */,
				8622F52F2385E95300E067D8 /* array+extension.swift */,
			);
			path = Extensions;
			sourceTree = "<group>";
		};
		8622F51F237DE55800E067D8 /* Storyboard */ = {
			isa = PBXGroup;
			children = (
				8622F520237DE7ED00E067D8 /* Product.storyboard */,
			);
			path = Storyboard;
			sourceTree = "<group>";
		};
		8622F52623841F8D00E067D8 /* Components */ = {
			isa = PBXGroup;
			children = (
				8622F52723841FB300E067D8 /* EcoButton.swift */,
				8622F53B23860EC200E067D8 /* CounterIntView.swift */,
			);
			path = Components;
			sourceTree = "<group>";
		};
		8622F531238608DD00E067D8 /* Cart */ = {
			isa = PBXGroup;
			children = (
				8622F540238617AD00E067D8 /* ViewController */,
				8622F53D2386124B00E067D8 /* View */,
				8622F534238609AE00E067D8 /* Storyboard */,
			);
			path = Cart;
			sourceTree = "<group>";
		};
		8622F534238609AE00E067D8 /* Storyboard */ = {
			isa = PBXGroup;
			children = (
				8622F535238609F900E067D8 /* Cart.storyboard */,
			);
			path = Storyboard;
			sourceTree = "<group>";
		};
		8622F53D2386124B00E067D8 /* View */ = {
			isa = PBXGroup;
			children = (
				8622F53E2386126B00E067D8 /* CartItemTableViewCell.swift */,
			);
			path = View;
			sourceTree = "<group>";
		};
		8622F540238617AD00E067D8 /* ViewController */ = {
			isa = PBXGroup;
			children = (
				8622F541238617D900E067D8 /* CartListViewController.swift */,
			);
			path = ViewController;
			sourceTree = "<group>";
		};
/* End PBXGroup section */

/* Begin PBXNativeTarget section */
		8622F4DC2379CFB700E067D8 /* E-Commerce WBI */ = {
			isa = PBXNativeTarget;
			buildConfigurationList = 8622F4FA2379CFBC00E067D8 /* Build configuration list for PBXNativeTarget "E-Commerce WBI" */;
			buildPhases = (
				0D95247565522AB01745E345 /* [CP] Check Pods Manifest.lock */,
				8622F4D92379CFB700E067D8 /* Sources */,
				8622F4DA2379CFB700E067D8 /* Frameworks */,
				8622F4DB2379CFB700E067D8 /* Resources */,
				07C666DEE5EBEEE473BF2E38 /* [CP] Embed Pods Frameworks */,
			);
			buildRules = (
			);
			dependencies = (
			);
			name = "E-Commerce WBI";
			productName = "E-Commerce WBI";
			productReference = 8622F4DD2379CFB700E067D8 /* E-Commerce WBI.app */;
			productType = "com.apple.product-type.application";
		};
		8622F4F02379CFBC00E067D8 /* E-Commerce WBITests */ = {
			isa = PBXNativeTarget;
			buildConfigurationList = 8622F4FD2379CFBC00E067D8 /* Build configuration list for PBXNativeTarget "E-Commerce WBITests" */;
			buildPhases = (
				6317E4235667088A0680ECB2 /* [CP] Check Pods Manifest.lock */,
				8622F4ED2379CFBC00E067D8 /* Sources */,
				8622F4EE2379CFBC00E067D8 /* Frameworks */,
				8622F4EF2379CFBC00E067D8 /* Resources */,
			);
			buildRules = (
			);
			dependencies = (
				8622F4F32379CFBC00E067D8 /* PBXTargetDependency */,
			);
			name = "E-Commerce WBITests";
			productName = "E-Commerce WBITests";
			productReference = 8622F4F12379CFBC00E067D8 /* E-Commerce WBITests.xctest */;
			productType = "com.apple.product-type.bundle.unit-test";
		};
/* End PBXNativeTarget section */

/* Begin PBXProject section */
		8622F4D52379CFB600E067D8 /* Project object */ = {
			isa = PBXProject;
			attributes = {
				LastSwiftUpdateCheck = 1020;
				LastUpgradeCheck = 1020;
				ORGANIZATIONNAME = "Augusto C.P.";
				TargetAttributes = {
					8622F4DC2379CFB700E067D8 = {
						CreatedOnToolsVersion = 10.2.1;
					};
					8622F4F02379CFBC00E067D8 = {
						CreatedOnToolsVersion = 10.2.1;
						TestTargetID = 8622F4DC2379CFB700E067D8;
					};
				};
			};
			buildConfigurationList = 8622F4D82379CFB600E067D8 /* Build configuration list for PBXProject "E-Commerce WBI" */;
			compatibilityVersion = "Xcode 9.3";
			developmentRegion = en;
			hasScannedForEncodings = 0;
			knownRegions = (
				en,
				Base,
			);
			mainGroup = 8622F4D42379CFB600E067D8;
			productRefGroup = 8622F4DE2379CFB700E067D8 /* Products */;
			projectDirPath = "";
			projectRoot = "";
			targets = (
				8622F4DC2379CFB700E067D8 /* E-Commerce WBI */,
				8622F4F02379CFBC00E067D8 /* E-Commerce WBITests */,
			);
		};
/* End PBXProject section */

/* Begin PBXResourcesBuildPhase section */
		8622F4DB2379CFB700E067D8 /* Resources */ = {
			isa = PBXResourcesBuildPhase;
			buildActionMask = 2147483647;
			files = (
				8622F4EB2379CFBC00E067D8 /* LaunchScreen.storyboard in Resources */,
				8622F4E82379CFBC00E067D8 /* Assets.xcassets in Resources */,
				8622F521237DE7ED00E067D8 /* Product.storyboard in Resources */,
				8622F536238609F900E067D8 /* Cart.storyboard in Resources */,
				8622F4E62379CFB700E067D8 /* Auth.storyboard in Resources */,
			);
			runOnlyForDeploymentPostprocessing = 0;
		};
		8622F4EF2379CFBC00E067D8 /* Resources */ = {
			isa = PBXResourcesBuildPhase;
			buildActionMask = 2147483647;
			files = (
			);
			runOnlyForDeploymentPostprocessing = 0;
		};
/* End PBXResourcesBuildPhase section */

/* Begin PBXShellScriptBuildPhase section */
		07C666DEE5EBEEE473BF2E38 /* [CP] Embed Pods Frameworks */ = {
			isa = PBXShellScriptBuildPhase;
			buildActionMask = 2147483647;
			files = (
			);
			inputFileListPaths = (
				"${PODS_ROOT}/Target Support Files/Pods-E-Commerce WBI/Pods-E-Commerce WBI-frameworks-${CONFIGURATION}-input-files.xcfilelist",
			);
			name = "[CP] Embed Pods Frameworks";
			outputFileListPaths = (
				"${PODS_ROOT}/Target Support Files/Pods-E-Commerce WBI/Pods-E-Commerce WBI-frameworks-${CONFIGURATION}-output-files.xcfilelist",
			);
			runOnlyForDeploymentPostprocessing = 0;
			shellPath = /bin/sh;
			shellScript = "\"${PODS_ROOT}/Target Support Files/Pods-E-Commerce WBI/Pods-E-Commerce WBI-frameworks.sh\"\n";
			showEnvVarsInLog = 0;
		};
		0D95247565522AB01745E345 /* [CP] Check Pods Manifest.lock */ = {
			isa = PBXShellScriptBuildPhase;
			buildActionMask = 2147483647;
			files = (
			);
			inputFileListPaths = (
			);
			inputPaths = (
				"${PODS_PODFILE_DIR_PATH}/Podfile.lock",
				"${PODS_ROOT}/Manifest.lock",
			);
			name = "[CP] Check Pods Manifest.lock";
			outputFileListPaths = (
			);
			outputPaths = (
				"$(DERIVED_FILE_DIR)/Pods-E-Commerce WBI-checkManifestLockResult.txt",
			);
			runOnlyForDeploymentPostprocessing = 0;
			shellPath = /bin/sh;
			shellScript = "diff \"${PODS_PODFILE_DIR_PATH}/Podfile.lock\" \"${PODS_ROOT}/Manifest.lock\" > /dev/null\nif [ $? != 0 ] ; then\n    # print error to STDERR\n    echo \"error: The sandbox is not in sync with the Podfile.lock. Run 'pod install' or update your CocoaPods installation.\" >&2\n    exit 1\nfi\n# This output is used by Xcode 'outputs' to avoid re-running this script phase.\necho \"SUCCESS\" > \"${SCRIPT_OUTPUT_FILE_0}\"\n";
			showEnvVarsInLog = 0;
		};
		6317E4235667088A0680ECB2 /* [CP] Check Pods Manifest.lock */ = {
			isa = PBXShellScriptBuildPhase;
			buildActionMask = 2147483647;
			files = (
			);
			inputFileListPaths = (
			);
			inputPaths = (
				"${PODS_PODFILE_DIR_PATH}/Podfile.lock",
				"${PODS_ROOT}/Manifest.lock",
			);
			name = "[CP] Check Pods Manifest.lock";
			outputFileListPaths = (
			);
			outputPaths = (
				"$(DERIVED_FILE_DIR)/Pods-E-Commerce WBITests-checkManifestLockResult.txt",
			);
			runOnlyForDeploymentPostprocessing = 0;
			shellPath = /bin/sh;
			shellScript = "diff \"${PODS_PODFILE_DIR_PATH}/Podfile.lock\" \"${PODS_ROOT}/Manifest.lock\" > /dev/null\nif [ $? != 0 ] ; then\n    # print error to STDERR\n    echo \"error: The sandbox is not in sync with the Podfile.lock. Run 'pod install' or update your CocoaPods installation.\" >&2\n    exit 1\nfi\n# This output is used by Xcode 'outputs' to avoid re-running this script phase.\necho \"SUCCESS\" > \"${SCRIPT_OUTPUT_FILE_0}\"\n";
			showEnvVarsInLog = 0;
		};
/* End PBXShellScriptBuildPhase section */

/* Begin PBXSourcesBuildPhase section */
		8622F4D92379CFB700E067D8 /* Sources */ = {
			isa = PBXSourcesBuildPhase;
			buildActionMask = 2147483647;
			files = (
				8622F53823860A9300E067D8 /* StockModel.swift in Sources */,
				8622F5092379D59F00E067D8 /* LoginViewController.swift in Sources */,
				8622F51B237CB54900E067D8 /* Helper.swift in Sources */,
				8622F52823841FB400E067D8 /* EcoButton.swift in Sources */,
				8622F542238617D900E067D8 /* CartListViewController.swift in Sources */,
				8622F53A23860ABE00E067D8 /* CategoryModel.swift in Sources */,
				8622F53F2386126B00E067D8 /* CartItemTableViewCell.swift in Sources */,
				8622F53C23860EC200E067D8 /* CounterIntView.swift in Sources */,
				8622F519237CB26C00E067D8 /* ProductModel.swift in Sources */,
				8622F50E237CAF2B00E067D8 /* ProductCollectionViewCell.swift in Sources */,
				8622F510237CAF7600E067D8 /* ProductTableViewController.swift in Sources */,
				8622F52A2384346A00E067D8 /* float+extension.swift in Sources */,
				8622F4E12379CFB700E067D8 /* AppDelegate.swift in Sources */,
				8622F516237CB1EB00E067D8 /* ProductViewModel.swift in Sources */,
				8622F5252383F51200E067D8 /* ProductDetailViewController.swift in Sources */,
				8622F51E237CB5A500E067D8 /* uicolor+extension.swift in Sources */,
				8622F52E23844E0F00E067D8 /* navigationcontroller+extension.swift in Sources */,
				8622F523238064F000E067D8 /* Const.swift in Sources */,
				8622F52C2384382C00E067D8 /* uidevice+extension.swift in Sources */,
				8622F5302385E95300E067D8 /* array+extension.swift in Sources */,
			);
			runOnlyForDeploymentPostprocessing = 0;
		};
		8622F4ED2379CFBC00E067D8 /* Sources */ = {
			isa = PBXSourcesBuildPhase;
			buildActionMask = 2147483647;
			files = (
				8622F4F62379CFBC00E067D8 /* E_Commerce_WBITests.swift in Sources */,
			);
			runOnlyForDeploymentPostprocessing = 0;
		};
/* End PBXSourcesBuildPhase section */

/* Begin PBXTargetDependency section */
		8622F4F32379CFBC00E067D8 /* PBXTargetDependency */ = {
			isa = PBXTargetDependency;
			target = 8622F4DC2379CFB700E067D8 /* E-Commerce WBI */;
			targetProxy = 8622F4F22379CFBC00E067D8 /* PBXContainerItemProxy */;
		};
/* End PBXTargetDependency section */

/* Begin PBXVariantGroup section */
		8622F4E42379CFB700E067D8 /* Auth.storyboard */ = {
			isa = PBXVariantGroup;
			children = (
				8622F4E52379CFB700E067D8 /* Base */,
			);
			name = Auth.storyboard;
			sourceTree = "<group>";
		};
		8622F4E92379CFBC00E067D8 /* LaunchScreen.storyboard */ = {
			isa = PBXVariantGroup;
			children = (
				8622F4EA2379CFBC00E067D8 /* Base */,
			);
			name = LaunchScreen.storyboard;
			sourceTree = "<group>";
		};
/* End PBXVariantGroup section */

/* Begin XCBuildConfiguration section */
		8622F4F82379CFBC00E067D8 /* Debug */ = {
			isa = XCBuildConfiguration;
			buildSettings = {
				ALWAYS_SEARCH_USER_PATHS = NO;
				CLANG_ANALYZER_NONNULL = YES;
				CLANG_ANALYZER_NUMBER_OBJECT_CONVERSION = YES_AGGRESSIVE;
				CLANG_CXX_LANGUAGE_STANDARD = "gnu++14";
				CLANG_CXX_LIBRARY = "libc++";
				CLANG_ENABLE_MODULES = YES;
				CLANG_ENABLE_OBJC_ARC = YES;
				CLANG_ENABLE_OBJC_WEAK = YES;
				CLANG_WARN_BLOCK_CAPTURE_AUTORELEASING = YES;
				CLANG_WARN_BOOL_CONVERSION = YES;
				CLANG_WARN_COMMA = YES;
				CLANG_WARN_CONSTANT_CONVERSION = YES;
				CLANG_WARN_DEPRECATED_OBJC_IMPLEMENTATIONS = YES;
				CLANG_WARN_DIRECT_OBJC_ISA_USAGE = YES_ERROR;
				CLANG_WARN_DOCUMENTATION_COMMENTS = YES;
				CLANG_WARN_EMPTY_BODY = YES;
				CLANG_WARN_ENUM_CONVERSION = YES;
				CLANG_WARN_INFINITE_RECURSION = YES;
				CLANG_WARN_INT_CONVERSION = YES;
				CLANG_WARN_NON_LITERAL_NULL_CONVERSION = YES;
				CLANG_WARN_OBJC_IMPLICIT_RETAIN_SELF = YES;
				CLANG_WARN_OBJC_LITERAL_CONVERSION = YES;
				CLANG_WARN_OBJC_ROOT_CLASS = YES_ERROR;
				CLANG_WARN_RANGE_LOOP_ANALYSIS = YES;
				CLANG_WARN_STRICT_PROTOTYPES = YES;
				CLANG_WARN_SUSPICIOUS_MOVE = YES;
				CLANG_WARN_UNGUARDED_AVAILABILITY = YES_AGGRESSIVE;
				CLANG_WARN_UNREACHABLE_CODE = YES;
				CLANG_WARN__DUPLICATE_METHOD_MATCH = YES;
				CODE_SIGN_IDENTITY = "iPhone Developer";
				COPY_PHASE_STRIP = NO;
				DEBUG_INFORMATION_FORMAT = dwarf;
				ENABLE_STRICT_OBJC_MSGSEND = YES;
				ENABLE_TESTABILITY = YES;
				GCC_C_LANGUAGE_STANDARD = gnu11;
				GCC_DYNAMIC_NO_PIC = NO;
				GCC_NO_COMMON_BLOCKS = YES;
				GCC_OPTIMIZATION_LEVEL = 0;
				GCC_PREPROCESSOR_DEFINITIONS = (
					"DEBUG=1",
					"$(inherited)",
				);
				GCC_WARN_64_TO_32_BIT_CONVERSION = YES;
				GCC_WARN_ABOUT_RETURN_TYPE = YES_ERROR;
				GCC_WARN_UNDECLARED_SELECTOR = YES;
				GCC_WARN_UNINITIALIZED_AUTOS = YES_AGGRESSIVE;
				GCC_WARN_UNUSED_FUNCTION = YES;
				GCC_WARN_UNUSED_VARIABLE = YES;
				IPHONEOS_DEPLOYMENT_TARGET = 12.2;
				MTL_ENABLE_DEBUG_INFO = INCLUDE_SOURCE;
				MTL_FAST_MATH = YES;
				ONLY_ACTIVE_ARCH = YES;
				SDKROOT = iphoneos;
				SWIFT_ACTIVE_COMPILATION_CONDITIONS = DEBUG;
				SWIFT_OPTIMIZATION_LEVEL = "-Onone";
			};
			name = Debug;
		};
		8622F4F92379CFBC00E067D8 /* Release */ = {
			isa = XCBuildConfiguration;
			buildSettings = {
				ALWAYS_SEARCH_USER_PATHS = NO;
				CLANG_ANALYZER_NONNULL = YES;
				CLANG_ANALYZER_NUMBER_OBJECT_CONVERSION = YES_AGGRESSIVE;
				CLANG_CXX_LANGUAGE_STANDARD = "gnu++14";
				CLANG_CXX_LIBRARY = "libc++";
				CLANG_ENABLE_MODULES = YES;
				CLANG_ENABLE_OBJC_ARC = YES;
				CLANG_ENABLE_OBJC_WEAK = YES;
				CLANG_WARN_BLOCK_CAPTURE_AUTORELEASING = YES;
				CLANG_WARN_BOOL_CONVERSION = YES;
				CLANG_WARN_COMMA = YES;
				CLANG_WARN_CONSTANT_CONVERSION = YES;
				CLANG_WARN_DEPRECATED_OBJC_IMPLEMENTATIONS = YES;
				CLANG_WARN_DIRECT_OBJC_ISA_USAGE = YES_ERROR;
				CLANG_WARN_DOCUMENTATION_COMMENTS = YES;
				CLANG_WARN_EMPTY_BODY = YES;
				CLANG_WARN_ENUM_CONVERSION = YES;
				CLANG_WARN_INFINITE_RECURSION = YES;
				CLANG_WARN_INT_CONVERSION = YES;
				CLANG_WARN_NON_LITERAL_NULL_CONVERSION = YES;
				CLANG_WARN_OBJC_IMPLICIT_RETAIN_SELF = YES;
				CLANG_WARN_OBJC_LITERAL_CONVERSION = YES;
				CLANG_WARN_OBJC_ROOT_CLASS = YES_ERROR;
				CLANG_WARN_RANGE_LOOP_ANALYSIS = YES;
				CLANG_WARN_STRICT_PROTOTYPES = YES;
				CLANG_WARN_SUSPICIOUS_MOVE = YES;
				CLANG_WARN_UNGUARDED_AVAILABILITY = YES_AGGRESSIVE;
				CLANG_WARN_UNREACHABLE_CODE = YES;
				CLANG_WARN__DUPLICATE_METHOD_MATCH = YES;
				CODE_SIGN_IDENTITY = "iPhone Developer";
				COPY_PHASE_STRIP = NO;
				DEBUG_INFORMATION_FORMAT = "dwarf-with-dsym";
				ENABLE_NS_ASSERTIONS = NO;
				ENABLE_STRICT_OBJC_MSGSEND = YES;
				GCC_C_LANGUAGE_STANDARD = gnu11;
				GCC_NO_COMMON_BLOCKS = YES;
				GCC_WARN_64_TO_32_BIT_CONVERSION = YES;
				GCC_WARN_ABOUT_RETURN_TYPE = YES_ERROR;
				GCC_WARN_UNDECLARED_SELECTOR = YES;
				GCC_WARN_UNINITIALIZED_AUTOS = YES_AGGRESSIVE;
				GCC_WARN_UNUSED_FUNCTION = YES;
				GCC_WARN_UNUSED_VARIABLE = YES;
				IPHONEOS_DEPLOYMENT_TARGET = 12.2;
				MTL_ENABLE_DEBUG_INFO = NO;
				MTL_FAST_MATH = YES;
				SDKROOT = iphoneos;
				SWIFT_COMPILATION_MODE = wholemodule;
				SWIFT_OPTIMIZATION_LEVEL = "-O";
				VALIDATE_PRODUCT = YES;
			};
			name = Release;
		};
		8622F4FB2379CFBC00E067D8 /* Debug */ = {
			isa = XCBuildConfiguration;
			baseConfigurationReference = A4D5B643B250EEC94848EF24 /* Pods-E-Commerce WBI.debug.xcconfig */;
			buildSettings = {
				ASSETCATALOG_COMPILER_APPICON_NAME = AppIcon;
				CODE_SIGN_STYLE = Automatic;
				DEVELOPMENT_TEAM = JBQ8QLJW23;
				INFOPLIST_FILE = "E-Commerce WBI/Supporting Files/Info.plist";
				LD_RUNPATH_SEARCH_PATHS = (
					"$(inherited)",
					"@executable_path/Frameworks",
				);
				PRODUCT_BUNDLE_IDENTIFIER = "paarce.E-Commerce-WBI";
				PRODUCT_NAME = "$(TARGET_NAME)";
				SWIFT_VERSION = 5.0;
				TARGETED_DEVICE_FAMILY = "1,2";
			};
			name = Debug;
		};
		8622F4FC2379CFBC00E067D8 /* Release */ = {
			isa = XCBuildConfiguration;
			baseConfigurationReference = 3D1E0930B067616662ED9933 /* Pods-E-Commerce WBI.release.xcconfig */;
			buildSettings = {
				ASSETCATALOG_COMPILER_APPICON_NAME = AppIcon;
				CODE_SIGN_STYLE = Automatic;
				DEVELOPMENT_TEAM = JBQ8QLJW23;
				INFOPLIST_FILE = "E-Commerce WBI/Supporting Files/Info.plist";
				LD_RUNPATH_SEARCH_PATHS = (
					"$(inherited)",
					"@executable_path/Frameworks",
				);
				PRODUCT_BUNDLE_IDENTIFIER = "paarce.E-Commerce-WBI";
				PRODUCT_NAME = "$(TARGET_NAME)";
				SWIFT_VERSION = 5.0;
				TARGETED_DEVICE_FAMILY = "1,2";
			};
			name = Release;
		};
		8622F4FE2379CFBC00E067D8 /* Debug */ = {
			isa = XCBuildConfiguration;
			baseConfigurationReference = 7DA5CC300167317255341358 /* Pods-E-Commerce WBITests.debug.xcconfig */;
			buildSettings = {
				ALWAYS_EMBED_SWIFT_STANDARD_LIBRARIES = YES;
				BUNDLE_LOADER = "$(TEST_HOST)";
				CODE_SIGN_STYLE = Automatic;
				DEVELOPMENT_TEAM = JBQ8QLJW23;
				INFOPLIST_FILE = "E-Commerce WBITests/Info.plist";
				LD_RUNPATH_SEARCH_PATHS = (
					"$(inherited)",
					"@executable_path/Frameworks",
					"@loader_path/Frameworks",
				);
				PRODUCT_BUNDLE_IDENTIFIER = "paarce.E-Commerce-WBITests";
				PRODUCT_NAME = "$(TARGET_NAME)";
				SWIFT_VERSION = 5.0;
				TARGETED_DEVICE_FAMILY = "1,2";
				TEST_HOST = "$(BUILT_PRODUCTS_DIR)/E-Commerce WBI.app/E-Commerce WBI";
			};
			name = Debug;
		};
		8622F4FF2379CFBC00E067D8 /* Release */ = {
			isa = XCBuildConfiguration;
			baseConfigurationReference = 6A10F5B139926B2D1E76DD2B /* Pods-E-Commerce WBITests.release.xcconfig */;
			buildSettings = {
				ALWAYS_EMBED_SWIFT_STANDARD_LIBRARIES = YES;
				BUNDLE_LOADER = "$(TEST_HOST)";
				CODE_SIGN_STYLE = Automatic;
				DEVELOPMENT_TEAM = JBQ8QLJW23;
				INFOPLIST_FILE = "E-Commerce WBITests/Info.plist";
				LD_RUNPATH_SEARCH_PATHS = (
					"$(inherited)",
					"@executable_path/Frameworks",
					"@loader_path/Frameworks",
				);
				PRODUCT_BUNDLE_IDENTIFIER = "paarce.E-Commerce-WBITests";
				PRODUCT_NAME = "$(TARGET_NAME)";
				SWIFT_VERSION = 5.0;
				TARGETED_DEVICE_FAMILY = "1,2";
				TEST_HOST = "$(BUILT_PRODUCTS_DIR)/E-Commerce WBI.app/E-Commerce WBI";
			};
			name = Release;
		};
/* End XCBuildConfiguration section */

/* Begin XCConfigurationList section */
		8622F4D82379CFB600E067D8 /* Build configuration list for PBXProject "E-Commerce WBI" */ = {
			isa = XCConfigurationList;
			buildConfigurations = (
				8622F4F82379CFBC00E067D8 /* Debug */,
				8622F4F92379CFBC00E067D8 /* Release */,
			);
			defaultConfigurationIsVisible = 0;
			defaultConfigurationName = Release;
		};
		8622F4FA2379CFBC00E067D8 /* Build configuration list for PBXNativeTarget "E-Commerce WBI" */ = {
			isa = XCConfigurationList;
			buildConfigurations = (
				8622F4FB2379CFBC00E067D8 /* Debug */,
				8622F4FC2379CFBC00E067D8 /* Release */,
			);
			defaultConfigurationIsVisible = 0;
			defaultConfigurationName = Release;
		};
		8622F4FD2379CFBC00E067D8 /* Build configuration list for PBXNativeTarget "E-Commerce WBITests" */ = {
			isa = XCConfigurationList;
			buildConfigurations = (
				8622F4FE2379CFBC00E067D8 /* Debug */,
				8622F4FF2379CFBC00E067D8 /* Release */,
			);
			defaultConfigurationIsVisible = 0;
			defaultConfigurationName = Release;
		};
/* End XCConfigurationList section */
	};
	rootObject = 8622F4D52379CFB600E067D8 /* Project object */;
}
